// !$*UTF8*$!
{
	archiveVersion = 1;
	classes = {
	};
	objectVersion = 54;
	objects = {

/* Begin PBXBuildFile section */
		AF6A5CFF2E1FB340007E0F5A /* RecipeCategoryGridView.swift in Sources */ = {isa = PBXBuildFile; fileRef = AF6A5CFE2E1FB340007E0F5A /* RecipeCategoryGridView.swift */; };
		AF6A5D672E27D4F9007E0F5A /* ModifyRecipeView.swift in Sources */ = {isa = PBXBuildFile; fileRef = AF6A5D662E27D4F9007E0F5A /* ModifyRecipeView.swift */; };
		AF6EBC722E16B5DE002D6101 /* RecipeData.swift in Sources */ = {isa = PBXBuildFile; fileRef = AF6EBC712E16B5DE002D6101 /* RecipeData.swift */; };
		AF6EBC742E17DE37002D6101 /* RecipeDetailView.swift in Sources */ = {isa = PBXBuildFile; fileRef = AF6EBC732E17DE37002D6101 /* RecipeDetailView.swift */; };
		AF6EBC762E17FFC5002D6101 /* AppColor.swift in Sources */ = {isa = PBXBuildFile; fileRef = AF6EBC752E17FFC5002D6101 /* AppColor.swift */; };
		AF78A91A2E43906500B571E5 /* ModifyMainInformationView.swift in Sources */ = {isa = PBXBuildFile; fileRef = AF78A9192E43906500B571E5 /* ModifyMainInformationView.swift */; };
		F278C9C8262E011800FE12B7 /* CookcademyApp.swift in Sources */ = {isa = PBXBuildFile; fileRef = F278C9C7262E011800FE12B7 /* CookcademyApp.swift */; };
		F278C9CA262E011800FE12B7 /* RecipesListView.swift in Sources */ = {isa = PBXBuildFile; fileRef = F278C9C9262E011800FE12B7 /* RecipesListView.swift */; };
		F278C9CC262E011800FE12B7 /* Assets.xcassets in Resources */ = {isa = PBXBuildFile; fileRef = F278C9CB262E011800FE12B7 /* Assets.xcassets */; };
		F278C9CF262E011800FE12B7 /* Preview Assets.xcassets in Resources */ = {isa = PBXBuildFile; fileRef = F278C9CE262E011800FE12B7 /* Preview Assets.xcassets */; };
		F278C9DB262E01F300FE12B7 /* Recipe.swift in Sources */ = {isa = PBXBuildFile; fileRef = F278C9DA262E01F300FE12B7 /* Recipe.swift */; };
/* End PBXBuildFile section */

/* Begin PBXFileReference section */
		AF6A5CFE2E1FB340007E0F5A /* RecipeCategoryGridView.swift */ = {isa = PBXFileReference; lastKnownFileType = sourcecode.swift; path = RecipeCategoryGridView.swift; sourceTree = "<group>"; };
		AF6A5D662E27D4F9007E0F5A /* ModifyRecipeView.swift */ = {isa = PBXFileReference; lastKnownFileType = sourcecode.swift; path = ModifyRecipeView.swift; sourceTree = "<group>"; };
		AF6EBC712E16B5DE002D6101 /* RecipeData.swift */ = {isa = PBXFileReference; lastKnownFileType = sourcecode.swift; path = RecipeData.swift; sourceTree = "<group>"; };
		AF6EBC732E17DE37002D6101 /* RecipeDetailView.swift */ = {isa = PBXFileReference; lastKnownFileType = sourcecode.swift; path = RecipeDetailView.swift; sourceTree = "<group>"; };
		AF6EBC752E17FFC5002D6101 /* AppColor.swift */ = {isa = PBXFileReference; lastKnownFileType = sourcecode.swift; path = AppColor.swift; sourceTree = "<group>"; };
		AF78A9192E43906500B571E5 /* ModifyMainInformationView.swift */ = {isa = PBXFileReference; lastKnownFileType = sourcecode.swift; path = ModifyMainInformationView.swift; sourceTree = "<group>"; };
		F278C9C4262E011800FE12B7 /* Cookcademy.app */ = {isa = PBXFileReference; explicitFileType = wrapper.application; includeInIndex = 0; path = Cookcademy.app; sourceTree = BUILT_PRODUCTS_DIR; };
		F278C9C7262E011800FE12B7 /* CookcademyApp.swift */ = {isa = PBXFileReference; lastKnownFileType = sourcecode.swift; path = CookcademyApp.swift; sourceTree = "<group>"; };
		F278C9C9262E011800FE12B7 /* RecipesListView.swift */ = {isa = PBXFileReference; lastKnownFileType = sourcecode.swift; path = RecipesListView.swift; sourceTree = "<group>"; };
		F278C9CB262E011800FE12B7 /* Assets.xcassets */ = {isa = PBXFileReference; lastKnownFileType = folder.assetcatalog; path = Assets.xcassets; sourceTree = "<group>"; };
		F278C9CE262E011800FE12B7 /* Preview Assets.xcassets */ = {isa = PBXFileReference; lastKnownFileType = folder.assetcatalog; path = "Preview Assets.xcassets"; sourceTree = "<group>"; };
		F278C9D0262E011800FE12B7 /* Info.plist */ = {isa = PBXFileReference; lastKnownFileType = text.plist.xml; path = Info.plist; sourceTree = "<group>"; };
		F278C9DA262E01F300FE12B7 /* Recipe.swift */ = {isa = PBXFileReference; fileEncoding = 4; lastKnownFileType = sourcecode.swift; path = Recipe.swift; sourceTree = "<group>"; };
/* End PBXFileReference section */

/* Begin PBXFrameworksBuildPhase section */
		F278C9C1262E011800FE12B7 /* Frameworks */ = {
			isa = PBXFrameworksBuildPhase;
			buildActionMask = 2147483647;
			files = (
			);
			runOnlyForDeploymentPostprocessing = 0;
		};
/* End PBXFrameworksBuildPhase section */

/* Begin PBXGroup section */
		AF6A5D642E27D3ED007E0F5A /* ExploreRecipes */ = {
			isa = PBXGroup;
			children = (
				F278C9C9262E011800FE12B7 /* RecipesListView.swift */,
				AF6EBC732E17DE37002D6101 /* RecipeDetailView.swift */,
				AF6A5CFE2E1FB340007E0F5A /* RecipeCategoryGridView.swift */,
			);
			path = ExploreRecipes;
			sourceTree = "<group>";
		};
		AF6A5D682E27D5A9007E0F5A /* ModifyRecipes */ = {
			isa = PBXGroup;
			children = (
				AF6A5D662E27D4F9007E0F5A /* ModifyRecipeView.swift */,
				AF78A9192E43906500B571E5 /* ModifyMainInformationView.swift */,
			);
			path = ModifyRecipes;
			sourceTree = "<group>";
		};
		AF6EBC6E2E16AFFF002D6101 /* ViewModels */ = {
			isa = PBXGroup;
			children = (
				AF6EBC712E16B5DE002D6101 /* RecipeData.swift */,
				AF6EBC752E17FFC5002D6101 /* AppColor.swift */,
			);
			path = ViewModels;
			sourceTree = "<group>";
		};
		AF6EBC6F2E16B06C002D6101 /* Views */ = {
			isa = PBXGroup;
			children = (
				AF6A5D682E27D5A9007E0F5A /* ModifyRecipes */,
				AF6A5D642E27D3ED007E0F5A /* ExploreRecipes */,
			);
			path = Views;
			sourceTree = "<group>";
		};
		AF6EBC702E16B08F002D6101 /* Models */ = {
			isa = PBXGroup;
			children = (
				F278C9DA262E01F300FE12B7 /* Recipe.swift */,
			);
			path = Models;
			sourceTree = "<group>";
		};
		F278C9BB262E011800FE12B7 = {
			isa = PBXGroup;
			children = (
				F278C9C6262E011800FE12B7 /* Cookcademy */,
				F278C9C5262E011800FE12B7 /* Products */,
			);
			sourceTree = "<group>";
		};
		F278C9C5262E011800FE12B7 /* Products */ = {
			isa = PBXGroup;
			children = (
				F278C9C4262E011800FE12B7 /* Cookcademy.app */,
			);
			name = Products;
			sourceTree = "<group>";
		};
		F278C9C6262E011800FE12B7 /* Cookcademy */ = {
			isa = PBXGroup;
			children = (
				AF6EBC6E2E16AFFF002D6101 /* ViewModels */,
				AF6EBC6F2E16B06C002D6101 /* Views */,
				AF6EBC702E16B08F002D6101 /* Models */,
				F278C9CB262E011800FE12B7 /* Assets.xcassets */,
				F278C9D0262E011800FE12B7 /* Info.plist */,
				F278C9CD262E011800FE12B7 /* Preview Content */,
			);
			path = Cookcademy;
			sourceTree = "<group>";
		};
		F278C9CD262E011800FE12B7 /* Preview Content */ = {
			isa = PBXGroup;
			children = (
				F278C9C7262E011800FE12B7 /* CookcademyApp.swift */,
				F278C9CE262E011800FE12B7 /* Preview Assets.xcassets */,
			);
			path = "Preview Content";
			sourceTree = "<group>";
		};
/* End PBXGroup section */

/* Begin PBXNativeTarget section */
		F278C9C3262E011800FE12B7 /* Cookcademy */ = {
			isa = PBXNativeTarget;
			buildConfigurationList = F278C9D3262E011800FE12B7 /* Build configuration list for PBXNativeTarget "Cookcademy" */;
			buildPhases = (
				F278C9C0262E011800FE12B7 /* Sources */,
				F278C9C1262E011800FE12B7 /* Frameworks */,
				F278C9C2262E011800FE12B7 /* Resources */,
			);
			buildRules = (
			);
			dependencies = (
			);
			name = Cookcademy;
			productName = Cookcademy;
			productReference = F278C9C4262E011800FE12B7 /* Cookcademy.app */;
			productType = "com.apple.product-type.application";
		};
/* End PBXNativeTarget section */

/* Begin PBXProject section */
		F278C9BC262E011800FE12B7 /* Project object */ = {
			isa = PBXProject;
			attributes = {
				BuildIndependentTargetsInParallel = YES;
				LastSwiftUpdateCheck = 1240;
				LastUpgradeCheck = 1630;
				TargetAttributes = {
					F278C9C3262E011800FE12B7 = {
						CreatedOnToolsVersion = 12.4;
					};
				};
			};
			buildConfigurationList = F278C9BF262E011800FE12B7 /* Build configuration list for PBXProject "CookcademyVG" */;
			compatibilityVersion = "Xcode 9.3";
			developmentRegion = en;
			hasScannedForEncodings = 0;
			knownRegions = (
				en,
				Base,
			);
			mainGroup = F278C9BB262E011800FE12B7;
			productRefGroup = F278C9C5262E011800FE12B7 /* Products */;
			projectDirPath = "";
			projectRoot = "";
			targets = (
				F278C9C3262E011800FE12B7 /* Cookcademy */,
			);
		};
/* End PBXProject section */

/* Begin PBXResourcesBuildPhase section */
		F278C9C2262E011800FE12B7 /* Resources */ = {
			isa = PBXResourcesBuildPhase;
			buildActionMask = 2147483647;
			files = (
				F278C9CF262E011800FE12B7 /* Preview Assets.xcassets in Resources */,
				F278C9CC262E011800FE12B7 /* Assets.xcassets in Resources */,
			);
			runOnlyForDeploymentPostprocessing = 0;
		};
/* End PBXResourcesBuildPhase section */

/* Begin PBXSourcesBuildPhase section */
		F278C9C0262E011800FE12B7 /* Sources */ = {
			isa = PBXSourcesBuildPhase;
			buildActionMask = 2147483647;
			files = (
				F278C9DB262E01F300FE12B7 /* Recipe.swift in Sources */,
				AF6EBC742E17DE37002D6101 /* RecipeDetailView.swift in Sources */,
				AF6A5CFF2E1FB340007E0F5A /* RecipeCategoryGridView.swift in Sources */,
				AF6EBC722E16B5DE002D6101 /* RecipeData.swift in Sources */,
				AF6A5D672E27D4F9007E0F5A /* ModifyRecipeView.swift in Sources */,
				F278C9CA262E011800FE12B7 /* RecipesListView.swift in Sources */,
				F278C9C8262E011800FE12B7 /* CookcademyApp.swift in Sources */,
				AF78A91A2E43906500B571E5 /* ModifyMainInformationView.swift in Sources */,
				AF6EBC762E17FFC5002D6101 /* AppColor.swift in Sources */,
			);
			runOnlyForDeploymentPostprocessing = 0;
		};
/* End PBXSourcesBuildPhase section */

/* Begin XCBuildConfiguration section */
		F278C9D1262E011800FE12B7 /* Debug */ = {
			isa = XCBuildConfiguration;
			buildSettings = {
				ALWAYS_SEARCH_USER_PATHS = NO;
				CLANG_ANALYZER_NONNULL = YES;
				CLANG_ANALYZER_NUMBER_OBJECT_CONVERSION = YES_AGGRESSIVE;
				CLANG_CXX_LANGUAGE_STANDARD = "gnu++14";
				CLANG_CXX_LIBRARY = "libc++";
				CLANG_ENABLE_MODULES = YES;
				CLANG_ENABLE_OBJC_ARC = YES;
				CLANG_ENABLE_OBJC_WEAK = YES;
				CLANG_WARN_BLOCK_CAPTURE_AUTORELEASING = YES;
				CLANG_WARN_BOOL_CONVERSION = YES;
				CLANG_WARN_COMMA = YES;
				CLANG_WARN_CONSTANT_CONVERSION = YES;
				CLANG_WARN_DEPRECATED_OBJC_IMPLEMENTATIONS = YES;
				CLANG_WARN_DIRECT_OBJC_ISA_USAGE = YES_ERROR;
				CLANG_WARN_DOCUMENTATION_COMMENTS = YES;
				CLANG_WARN_EMPTY_BODY = YES;
				CLANG_WARN_ENUM_CONVERSION = YES;
				CLANG_WARN_INFINITE_RECURSION = YES;
				CLANG_WARN_INT_CONVERSION = YES;
				CLANG_WARN_NON_LITERAL_NULL_CONVERSION = YES;
				CLANG_WARN_OBJC_IMPLICIT_RETAIN_SELF = YES;
				CLANG_WARN_OBJC_LITERAL_CONVERSION = YES;
				CLANG_WARN_OBJC_ROOT_CLASS = YES_ERROR;
				CLANG_WARN_QUOTED_INCLUDE_IN_FRAMEWORK_HEADER = YES;
				CLANG_WARN_RANGE_LOOP_ANALYSIS = YES;
				CLANG_WARN_STRICT_PROTOTYPES = YES;
				CLANG_WARN_SUSPICIOUS_MOVE = YES;
				CLANG_WARN_UNGUARDED_AVAILABILITY = YES_AGGRESSIVE;
				CLANG_WARN_UNREACHABLE_CODE = YES;
				CLANG_WARN__DUPLICATE_METHOD_MATCH = YES;
				COPY_PHASE_STRIP = NO;
				DEBUG_INFORMATION_FORMAT = dwarf;
				ENABLE_STRICT_OBJC_MSGSEND = YES;
				ENABLE_TESTABILITY = YES;
				ENABLE_USER_SCRIPT_SANDBOXING = YES;
				GCC_C_LANGUAGE_STANDARD = gnu11;
				GCC_DYNAMIC_NO_PIC = NO;
				GCC_NO_COMMON_BLOCKS = YES;
				GCC_OPTIMIZATION_LEVEL = 0;
				GCC_PREPROCESSOR_DEFINITIONS = (
					"DEBUG=1",
					"$(inherited)",
				);
				GCC_WARN_64_TO_32_BIT_CONVERSION = YES;
				GCC_WARN_ABOUT_RETURN_TYPE = YES_ERROR;
				GCC_WARN_UNDECLARED_SELECTOR = YES;
				GCC_WARN_UNINITIALIZED_AUTOS = YES_AGGRESSIVE;
				GCC_WARN_UNUSED_FUNCTION = YES;
				GCC_WARN_UNUSED_VARIABLE = YES;
				IPHONEOS_DEPLOYMENT_TARGET = 14.4;
				MTL_ENABLE_DEBUG_INFO = INCLUDE_SOURCE;
				MTL_FAST_MATH = YES;
				ONLY_ACTIVE_ARCH = YES;
				SDKROOT = iphoneos;
				SWIFT_ACTIVE_COMPILATION_CONDITIONS = DEBUG;
				SWIFT_OPTIMIZATION_LEVEL = "-Onone";
			};
			name = Debug;
		};
		F278C9D2262E011800FE12B7 /* Release */ = {
			isa = XCBuildConfiguration;
			buildSettings = {
				ALWAYS_SEARCH_USER_PATHS = NO;
				CLANG_ANALYZER_NONNULL = YES;
				CLANG_ANALYZER_NUMBER_OBJECT_CONVERSION = YES_AGGRESSIVE;
				CLANG_CXX_LANGUAGE_STANDARD = "gnu++14";
				CLANG_CXX_LIBRARY = "libc++";
				CLANG_ENABLE_MODULES = YES;
				CLANG_ENABLE_OBJC_ARC = YES;
				CLANG_ENABLE_OBJC_WEAK = YES;
				CLANG_WARN_BLOCK_CAPTURE_AUTORELEASING = YES;
				CLANG_WARN_BOOL_CONVERSION = YES;
				CLANG_WARN_COMMA = YES;
				CLANG_WARN_CONSTANT_CONVERSION = YES;
				CLANG_WARN_DEPRECATED_OBJC_IMPLEMENTATIONS = YES;
				CLANG_WARN_DIRECT_OBJC_ISA_USAGE = YES_ERROR;
				CLANG_WARN_DOCUMENTATION_COMMENTS = YES;
				CLANG_WARN_EMPTY_BODY = YES;
				CLANG_WARN_ENUM_CONVERSION = YES;
				CLANG_WARN_INFINITE_RECURSION = YES;
				CLANG_WARN_INT_CONVERSION = YES;
				CLANG_WARN_NON_LITERAL_NULL_CONVERSION = YES;
				CLANG_WARN_OBJC_IMPLICIT_RETAIN_SELF = YES;
				CLANG_WARN_OBJC_LITERAL_CONVERSION = YES;
				CLANG_WARN_OBJC_ROOT_CLASS = YES_ERROR;
				CLANG_WARN_QUOTED_INCLUDE_IN_FRAMEWORK_HEADER = YES;
				CLANG_WARN_RANGE_LOOP_ANALYSIS = YES;
				CLANG_WARN_STRICT_PROTOTYPES = YES;
				CLANG_WARN_SUSPICIOUS_MOVE = YES;
				CLANG_WARN_UNGUARDED_AVAILABILITY = YES_AGGRESSIVE;
				CLANG_WARN_UNREACHABLE_CODE = YES;
				CLANG_WARN__DUPLICATE_METHOD_MATCH = YES;
				COPY_PHASE_STRIP = NO;
				DEBUG_INFORMATION_FORMAT = "dwarf-with-dsym";
				ENABLE_NS_ASSERTIONS = NO;
				ENABLE_STRICT_OBJC_MSGSEND = YES;
				ENABLE_USER_SCRIPT_SANDBOXING = YES;
				GCC_C_LANGUAGE_STANDARD = gnu11;
				GCC_NO_COMMON_BLOCKS = YES;
				GCC_WARN_64_TO_32_BIT_CONVERSION = YES;
				GCC_WARN_ABOUT_RETURN_TYPE = YES_ERROR;
				GCC_WARN_UNDECLARED_SELECTOR = YES;
				GCC_WARN_UNINITIALIZED_AUTOS = YES_AGGRESSIVE;
				GCC_WARN_UNUSED_FUNCTION = YES;
				GCC_WARN_UNUSED_VARIABLE = YES;
				IPHONEOS_DEPLOYMENT_TARGET = 14.4;
				MTL_ENABLE_DEBUG_INFO = NO;
				MTL_FAST_MATH = YES;
				SDKROOT = iphoneos;
				SWIFT_COMPILATION_MODE = wholemodule;
				SWIFT_OPTIMIZATION_LEVEL = "-O";
				VALIDATE_PRODUCT = YES;
			};
			name = Release;
		};
		F278C9D4262E011800FE12B7 /* Debug */ = {
			isa = XCBuildConfiguration;
			buildSettings = {
				ASSETCATALOG_COMPILER_APPICON_NAME = AppIcon;
				ASSETCATALOG_COMPILER_GLOBAL_ACCENT_COLOR_NAME = AccentColor;
				CODE_SIGN_STYLE = Automatic;
				DEVELOPMENT_ASSET_PATHS = "\"Cookcademy/Preview Content\"";
				DEVELOPMENT_TEAM = JHKTLYD287;
				ENABLE_PREVIEWS = YES;
				INFOPLIST_FILE = Cookcademy/Info.plist;
				IPHONEOS_DEPLOYMENT_TARGET = 14.0;
				LD_RUNPATH_SEARCH_PATHS = (
					"$(inherited)",
					"@executable_path/Frameworks",
				);
				PRODUCT_BUNDLE_IDENTIFIER = com.codecademy.Cookcademyy;
				PRODUCT_NAME = "$(TARGET_NAME)";
				SWIFT_VERSION = 5.0;
				TARGETED_DEVICE_FAMILY = "1,2";
			};
			name = Debug;
		};
		F278C9D5262E011800FE12B7 /* Release */ = {
			isa = XCBuildConfiguration;
			buildSettings = {
				ASSETCATALOG_COMPILER_APPICON_NAME = AppIcon;
				ASSETCATALOG_COMPILER_GLOBAL_ACCENT_COLOR_NAME = AccentColor;
				CODE_SIGN_STYLE = Automatic;
				DEVELOPMENT_ASSET_PATHS = "\"Cookcademy/Preview Content\"";
				DEVELOPMENT_TEAM = JHKTLYD287;
				ENABLE_PREVIEWS = YES;
				INFOPLIST_FILE = Cookcademy/Info.plist;
				IPHONEOS_DEPLOYMENT_TARGET = 14.0;
				LD_RUNPATH_SEARCH_PATHS = (
					"$(inherited)",
					"@executable_path/Frameworks",
				);
				PRODUCT_BUNDLE_IDENTIFIER = com.codecademy.Cookcademyy;
				PRODUCT_NAME = "$(TARGET_NAME)";
				SWIFT_VERSION = 5.0;
				TARGETED_DEVICE_FAMILY = "1,2";
			};
			name = Release;
		};
/* End XCBuildConfiguration section */

/* Begin XCConfigurationList section */
		F278C9BF262E011800FE12B7 /* Build configuration list for PBXProject "CookcademyVG" */ = {
			isa = XCConfigurationList;
			buildConfigurations = (
				F278C9D1262E011800FE12B7 /* Debug */,
				F278C9D2262E011800FE12B7 /* Release */,
			);
			defaultConfigurationIsVisible = 0;
			defaultConfigurationName = Release;
		};
		F278C9D3262E011800FE12B7 /* Build configuration list for PBXNativeTarget "Cookcademy" */ = {
			isa = XCConfigurationList;
			buildConfigurations = (
				F278C9D4262E011800FE12B7 /* Debug */,
				F278C9D5262E011800FE12B7 /* Release */,
			);
			defaultConfigurationIsVisible = 0;
			defaultConfigurationName = Release;
		};
/* End XCConfigurationList section */
	};
	rootObject = F278C9BC262E011800FE12B7 /* Project object */;
}
